
Microsoft Visual Studio Solution File, Format Version 12.00
# Visual Studio Version 17
VisualStudioVersion = 17.0.31903.59
MinimumVisualStudioVersion = 10.0.40219.1
Project("{2150E333-8FDC-42A3-9474-1A3956D46DE8}") = "src", "src", "{827E0CD3-B72D-47B6-A68D-7590B98EB39B}"
EndProject
Project("{FAE04EC0-301F-11D3-BF4B-00C04F79EFBC}") = "Drg.Core", "src\Drg.Core\Drg.Core.csproj", "{DE83F9F8-B2C1-4B6B-BD9D-AA8CD0297E2F}"
EndProject
Project("{FAE04EC0-301F-11D3-BF4B-00C04F79EFBC}") = "Drg.Data", "src\Drg.Data\Drg.Data.csproj", "{E7FBFC01-1647-44F7-852A-C1145F12887B}"
EndProject
Project("{FAE04EC0-301F-11D3-BF4B-00C04F79EFBC}") = "Drg.Api", "src\Drg.Api\Drg.Api.csproj", "{E8C98744-9FE4-4FAC-A077-53A4FE9BBFB9}"
EndProject
Project("{FAE04EC0-301F-11D3-BF4B-00C04F79EFBC}") = "Drg.Cli", "src\Drg.Cli\Drg.Cli.csproj", "{749A1973-CCA4-4E14-A1CA-A68376126B96}"
EndProject
Project("{FAE04EC0-301F-11D3-BF4B-00C04F79EFBC}") = "Drg.Core.Tests", "tests\Drg.Core.Tests\Drg.Core.Tests.csproj", "{BFCE6030-C775-4DDE-86FB-08E5BE8DACBE}"
EndProject
Project("{FAE04EC0-301F-11D3-BF4B-00C04F79EFBC}") = "Drg.Parity.Tests", "tests\Drg.Parity.Tests\Drg.Parity.Tests.csproj", "{FF9C3E2B-977C-4411-80B5-9FCF44F02B17}"
EndProject
Project("{FAE04EC0-301F-11D3-BF4B-00C04F79EFBC}") = "Drg.Integration.Tests", "tests\Drg.Integration.Tests\Drg.Integration.Tests.csproj", "{244B0B36-B896-4F54-BA87-81018FADC9CE}"
EndProject
Project("{2150E333-8FDC-42A3-9474-1A3956D46DE8}") = "tools", "tools", "{07C2787E-EAC7-C090-1BA3-A61EC2A24D84}"
EndProject
Project("{FAE04EC0-301F-11D3-BF4B-00C04F79EFBC}") = "Drg.Migrate", "tools\Drg.Migrate\Drg.Migrate.csproj", "{38EDE6D5-DED5-48D0-909C-E71D721FAF65}"
EndProject
Project("{FAE04EC0-301F-11D3-BF4B-00C04F79EFBC}") = "Drg.Data.Tests", "tests\Drg.Data.Tests\Drg.Data.Tests.csproj", "{140DBBCE-0B0D-4D3E-BD93-69AAA30D9408}"
EndProject
Global
	GlobalSection(SolutionConfigurationPlatforms) = preSolution
		Debug|Any CPU = Debug|Any CPU
		Debug|x64 = Debug|x64
		Debug|x86 = Debug|x86
		Release|Any CPU = Release|Any CPU
		Release|x64 = Release|x64
		Release|x86 = Release|x86
	EndGlobalSection
	GlobalSection(ProjectConfigurationPlatforms) = postSolution
		{DE83F9F8-B2C1-4B6B-BD9D-AA8CD0297E2F}.Debug|Any CPU.ActiveCfg = Debug|Any CPU
		{DE83F9F8-B2C1-4B6B-BD9D-AA8CD0297E2F}.Debug|Any CPU.Build.0 = Debug|Any CPU
		{DE83F9F8-B2C1-4B6B-BD9D-AA8CD0297E2F}.Debug|x64.ActiveCfg = Debug|Any CPU
		{DE83F9F8-B2C1-4B6B-BD9D-AA8CD0297E2F}.Debug|x64.Build.0 = Debug|Any CPU
		{DE83F9F8-B2C1-4B6B-BD9D-AA8CD0297E2F}.Debug|x86.ActiveCfg = Debug|Any CPU
		{DE83F9F8-B2C1-4B6B-BD9D-AA8CD0297E2F}.Debug|x86.Build.0 = Debug|Any CPU
		{DE83F9F8-B2C1-4B6B-BD9D-AA8CD0297E2F}.Release|Any CPU.ActiveCfg = Release|Any CPU
		{DE83F9F8-B2C1-4B6B-BD9D-AA8CD0297E2F}.Release|Any CPU.Build.0 = Release|Any CPU
		{DE83F9F8-B2C1-4B6B-BD9D-AA8CD0297E2F}.Release|x64.ActiveCfg = Release|Any CPU
		{DE83F9F8-B2C1-4B6B-BD9D-AA8CD0297E2F}.Release|x64.Build.0 = Release|Any CPU
		{DE83F9F8-B2C1-4B6B-BD9D-AA8CD0297E2F}.Release|x86.ActiveCfg = Release|Any CPU
		{DE83F9F8-B2C1-4B6B-BD9D-AA8CD0297E2F}.Release|x86.Build.0 = Release|Any CPU
		{E7FBFC01-1647-44F7-852A-C1145F12887B}.Debug|Any CPU.ActiveCfg = Debug|Any CPU
		{E7FBFC01-1647-44F7-852A-C1145F12887B}.Debug|Any CPU.Build.0 = Debug|Any CPU
		{E7FBFC01-1647-44F7-852A-C1145F12887B}.Debug|x64.ActiveCfg = Debug|Any CPU
		{E7FBFC01-1647-44F7-852A-C1145F12887B}.Debug|x64.Build.0 = Debug|Any CPU
		{E7FBFC01-1647-44F7-852A-C1145F12887B}.Debug|x86.ActiveCfg = Debug|Any CPU
		{E7FBFC01-1647-44F7-852A-C1145F12887B}.Debug|x86.Build.0 = Debug|Any CPU
		{E7FBFC01-1647-44F7-852A-C1145F12887B}.Release|Any CPU.ActiveCfg = Release|Any CPU
		{E7FBFC01-1647-44F7-852A-C1145F12887B}.Release|Any CPU.Build.0 = Release|Any CPU
		{E7FBFC01-1647-44F7-852A-C1145F12887B}.Release|x64.ActiveCfg = Release|Any CPU
		{E7FBFC01-1647-44F7-852A-C1145F12887B}.Release|x64.Build.0 = Release|Any CPU
		{E7FBFC01-1647-44F7-852A-C1145F12887B}.Release|x86.ActiveCfg = Release|Any CPU
		{E7FBFC01-1647-44F7-852A-C1145F12887B}.Release|x86.Build.0 = Release|Any CPU
		{E8C98744-9FE4-4FAC-A077-53A4FE9BBFB9}.Debug|Any CPU.ActiveCfg = Debug|Any CPU
		{E8C98744-9FE4-4FAC-A077-53A4FE9BBFB9}.Debug|Any CPU.Build.0 = Debug|Any CPU
		{E8C98744-9FE4-4FAC-A077-53A4FE9BBFB9}.Debug|x64.ActiveCfg = Debug|Any CPU
		{E8C98744-9FE4-4FAC-A077-53A4FE9BBFB9}.Debug|x64.Build.0 = Debug|Any CPU
		{E8C98744-9FE4-4FAC-A077-53A4FE9BBFB9}.Debug|x86.ActiveCfg = Debug|Any CPU
		{E8C98744-9FE4-4FAC-A077-53A4FE9BBFB9}.Debug|x86.Build.0 = Debug|Any CPU
		{E8C98744-9FE4-4FAC-A077-53A4FE9BBFB9}.Release|Any CPU.ActiveCfg = Release|Any CPU
		{E8C98744-9FE4-4FAC-A077-53A4FE9BBFB9}.Release|Any CPU.Build.0 = Release|Any CPU
		{E8C98744-9FE4-4FAC-A077-53A4FE9BBFB9}.Release|x64.ActiveCfg = Release|Any CPU
		{E8C98744-9FE4-4FAC-A077-53A4FE9BBFB9}.Release|x64.Build.0 = Release|Any CPU
		{E8C98744-9FE4-4FAC-A077-53A4FE9BBFB9}.Release|x86.ActiveCfg = Release|Any CPU
		{E8C98744-9FE4-4FAC-A077-53A4FE9BBFB9}.Release|x86.Build.0 = Release|Any CPU
		{749A1973-CCA4-4E14-A1CA-A68376126B96}.Debug|Any CPU.ActiveCfg = Debug|Any CPU
		{749A1973-CCA4-4E14-A1CA-A68376126B96}.Debug|Any CPU.Build.0 = Debug|Any CPU
		{749A1973-CCA4-4E14-A1CA-A68376126B96}.Debug|x64.ActiveCfg = Debug|Any CPU
		{749A1973-CCA4-4E14-A1CA-A68376126B96}.Debug|x64.Build.0 = Debug|Any CPU
		{749A1973-CCA4-4E14-A1CA-A68376126B96}.Debug|x86.ActiveCfg = Debug|Any CPU
		{749A1973-CCA4-4E14-A1CA-A68376126B96}.Debug|x86.Build.0 = Debug|Any CPU
		{749A1973-CCA4-4E14-A1CA-A68376126B96}.Release|Any CPU.ActiveCfg = Release|Any CPU
		{749A1973-CCA4-4E14-A1CA-A68376126B96}.Release|Any CPU.Build.0 = Release|Any CPU
		{749A1973-CCA4-4E14-A1CA-A68376126B96}.Release|x64.ActiveCfg = Release|Any CPU
		{749A1973-CCA4-4E14-A1CA-A68376126B96}.Release|x64.Build.0 = Release|Any CPU
		{749A1973-CCA4-4E14-A1CA-A68376126B96}.Release|x86.ActiveCfg = Release|Any CPU
		{749A1973-CCA4-4E14-A1CA-A68376126B96}.Release|x86.Build.0 = Release|Any CPU
		{BFCE6030-C775-4DDE-86FB-08E5BE8DACBE}.Debug|Any CPU.ActiveCfg = Debug|Any CPU
		{BFCE6030-C775-4DDE-86FB-08E5BE8DACBE}.Debug|Any CPU.Build.0 = Debug|Any CPU
		{BFCE6030-C775-4DDE-86FB-08E5BE8DACBE}.Debug|x64.ActiveCfg = Debug|Any CPU
		{BFCE6030-C775-4DDE-86FB-08E5BE8DACBE}.Debug|x64.Build.0 = Debug|Any CPU
		{BFCE6030-C775-4DDE-86FB-08E5BE8DACBE}.Debug|x86.ActiveCfg = Debug|Any CPU
		{BFCE6030-C775-4DDE-86FB-08E5BE8DACBE}.Debug|x86.Build.0 = Debug|Any CPU
		{BFCE6030-C775-4DDE-86FB-08E5BE8DACBE}.Release|Any CPU.ActiveCfg = Release|Any CPU
		{BFCE6030-C775-4DDE-86FB-08E5BE8DACBE}.Release|Any CPU.Build.0 = Release|Any CPU
		{BFCE6030-C775-4DDE-86FB-08E5BE8DACBE}.Release|x64.ActiveCfg = Release|Any CPU
		{BFCE6030-C775-4DDE-86FB-08E5BE8DACBE}.Release|x64.Build.0 = Release|Any CPU
		{BFCE6030-C775-4DDE-86FB-08E5BE8DACBE}.Release|x86.ActiveCfg = Release|Any CPU
		{BFCE6030-C775-4DDE-86FB-08E5BE8DACBE}.Release|x86.Build.0 = Release|Any CPU
		{FF9C3E2B-977C-4411-80B5-9FCF44F02B17}.Debug|Any CPU.ActiveCfg = Debug|Any CPU
		{FF9C3E2B-977C-4411-80B5-9FCF44F02B17}.Debug|Any CPU.Build.0 = Debug|Any CPU
		{FF9C3E2B-977C-4411-80B5-9FCF44F02B17}.Debug|x64.ActiveCfg = Debug|Any CPU
		{FF9C3E2B-977C-4411-80B5-9FCF44F02B17}.Debug|x64.Build.0 = Debug|Any CPU
		{FF9C3E2B-977C-4411-80B5-9FCF44F02B17}.Debug|x86.ActiveCfg = Debug|Any CPU
		{FF9C3E2B-977C-4411-80B5-9FCF44F02B17}.Debug|x86.Build.0 = Debug|Any CPU
		{FF9C3E2B-977C-4411-80B5-9FCF44F02B17}.Release|Any CPU.ActiveCfg = Release|Any CPU
		{FF9C3E2B-977C-4411-80B5-9FCF44F02B17}.Release|Any CPU.Build.0 = Release|Any CPU
		{FF9C3E2B-977C-4411-80B5-9FCF44F02B17}.Release|x64.ActiveCfg = Release|Any CPU
		{FF9C3E2B-977C-4411-80B5-9FCF44F02B17}.Release|x64.Build.0 = Release|Any CPU
		{FF9C3E2B-977C-4411-80B5-9FCF44F02B17}.Release|x86.ActiveCfg = Release|Any CPU
		{FF9C3E2B-977C-4411-80B5-9FCF44F02B17}.Release|x86.Build.0 = Release|Any CPU
		{244B0B36-B896-4F54-BA87-81018FADC9CE}.Debug|Any CPU.ActiveCfg = Debug|Any CPU
		{244B0B36-B896-4F54-BA87-81018FADC9CE}.Debug|Any CPU.Build.0 = Debug|Any CPU
		{244B0B36-B896-4F54-BA87-81018FADC9CE}.Debug|x64.ActiveCfg = Debug|Any CPU
		{244B0B36-B896-4F54-BA87-81018FADC9CE}.Debug|x64.Build.0 = Debug|Any CPU
		{244B0B36-B896-4F54-BA87-81018FADC9CE}.Debug|x86.ActiveCfg = Debug|Any CPU
		{244B0B36-B896-4F54-BA87-81018FADC9CE}.Debug|x86.Build.0 = Debug|Any CPU
		{244B0B36-B896-4F54-BA87-81018FADC9CE}.Release|Any CPU.ActiveCfg = Release|Any CPU
		{244B0B36-B896-4F54-BA87-81018FADC9CE}.Release|Any CPU.Build.0 = Release|Any CPU
		{244B0B36-B896-4F54-BA87-81018FADC9CE}.Release|x64.ActiveCfg = Release|Any CPU
		{244B0B36-B896-4F54-BA87-81018FADC9CE}.Release|x64.Build.0 = Release|Any CPU
		{244B0B36-B896-4F54-BA87-81018FADC9CE}.Release|x86.ActiveCfg = Release|Any CPU
		{244B0B36-B896-4F54-BA87-81018FADC9CE}.Release|x86.Build.0 = Release|Any CPU
		{38EDE6D5-DED5-48D0-909C-E71D721FAF65}.Debug|Any CPU.ActiveCfg = Debug|Any CPU
		{38EDE6D5-DED5-48D0-909C-E71D721FAF65}.Debug|Any CPU.Build.0 = Debug|Any CPU
		{38EDE6D5-DED5-48D0-909C-E71D721FAF65}.Debug|x64.ActiveCfg = Debug|Any CPU
		{38EDE6D5-DED5-48D0-909C-E71D721FAF65}.Debug|x64.Build.0 = Debug|Any CPU
		{38EDE6D5-DED5-48D0-909C-E71D721FAF65}.Debug|x86.ActiveCfg = Debug|Any CPU
		{38EDE6D5-DED5-48D0-909C-E71D721FAF65}.Debug|x86.Build.0 = Debug|Any CPU
		{38EDE6D5-DED5-48D0-909C-E71D721FAF65}.Release|Any CPU.ActiveCfg = Release|Any CPU
		{38EDE6D5-DED5-48D0-909C-E71D721FAF65}.Release|Any CPU.Build.0 = Release|Any CPU
		{38EDE6D5-DED5-48D0-909C-E71D721FAF65}.Release|x64.ActiveCfg = Release|Any CPU
		{38EDE6D5-DED5-48D0-909C-E71D721FAF65}.Release|x64.Build.0 = Release|Any CPU
		{38EDE6D5-DED5-48D0-909C-E71D721FAF65}.Release|x86.ActiveCfg = Release|Any CPU
		{38EDE6D5-DED5-48D0-909C-E71D721FAF65}.Release|x86.Build.0 = Release|Any CPU
		{140DBBCE-0B0D-4D3E-BD93-69AAA30D9408}.Debug|Any CPU.ActiveCfg = Debug|Any CPU
		{140DBBCE-0B0D-4D3E-BD93-69AAA30D9408}.Debug|Any CPU.Build.0 = Debug|Any CPU
		{140DBBCE-0B0D-4D3E-BD93-69AAA30D9408}.Debug|x64.ActiveCfg = Debug|Any CPU
		{140DBBCE-0B0D-4D3E-BD93-69AAA30D9408}.Debug|x64.Build.0 = Debug|Any CPU
		{140DBBCE-0B0D-4D3E-BD93-69AAA30D9408}.Debug|x86.ActiveCfg = Debug|Any CPU
		{140DBBCE-0B0D-4D3E-BD93-69AAA30D9408}.Debug|x86.Build.0 = Debug|Any CPU
		{140DBBCE-0B0D-4D3E-BD93-69AAA30D9408}.Release|Any CPU.ActiveCfg = Release|Any CPU
		{140DBBCE-0B0D-4D3E-BD93-69AAA30D9408}.Release|Any CPU.Build.0 = Release|Any CPU
		{140DBBCE-0B0D-4D3E-BD93-69AAA30D9408}.Release|x64.ActiveCfg = Release|Any CPU
		{140DBBCE-0B0D-4D3E-BD93-69AAA30D9408}.Release|x64.Build.0 = Release|Any CPU
		{140DBBCE-0B0D-4D3E-BD93-69AAA30D9408}.Release|x86.ActiveCfg = Release|Any CPU
		{140DBBCE-0B0D-4D3E-BD93-69AAA30D9408}.Release|x86.Build.0 = Release|Any CPU
	EndGlobalSection
	GlobalSection(SolutionProperties) = preSolution
		HideSolutionNode = FALSE
	EndGlobalSection
	GlobalSection(NestedProjects) = preSolution
		{DE83F9F8-B2C1-4B6B-BD9D-AA8CD0297E2F} = {827E0CD3-B72D-47B6-A68D-7590B98EB39B}
		{E7FBFC01-1647-44F7-852A-C1145F12887B} = {827E0CD3-B72D-47B6-A68D-7590B98EB39B}
		{E8C98744-9FE4-4FAC-A077-53A4FE9BBFB9} = {827E0CD3-B72D-47B6-A68D-7590B98EB39B}
		{749A1973-CCA4-4E14-A1CA-A68376126B96} = {827E0CD3-B72D-47B6-A68D-7590B98EB39B}
		{BFCE6030-C775-4DDE-86FB-08E5BE8DACBE} = {827E0CD3-B72D-47B6-A68D-7590B98EB39B}
		{FF9C3E2B-977C-4411-80B5-9FCF44F02B17} = {827E0CD3-B72D-47B6-A68D-7590B98EB39B}
		{244B0B36-B896-4F54-BA87-81018FADC9CE} = {827E0CD3-B72D-47B6-A68D-7590B98EB39B}
		{38EDE6D5-DED5-48D0-909C-E71D721FAF65} = {07C2787E-EAC7-C090-1BA3-A61EC2A24D84}
		{140DBBCE-0B0D-4D3E-BD93-69AAA30D9408} = {07C2787E-EAC7-C090-1BA3-A61EC2A24D84}
	EndGlobalSection
EndGlobal
